
Microsoft Visual Studio Solution File, Format Version 12.00
# Visual Studio Version 17
VisualStudioVersion = 17.5.33627.172
MinimumVisualStudioVersion = 10.0.40219.1
Project("{FAE04EC0-301F-11D3-BF4B-00C04F79EFBC}") = "demo", "demo\demo.csproj", "{C7F993F8-2F83-46CF-B41C-818241FA4287}"
EndProject
Global
	GlobalSection(SolutionConfigurationPlatforms) = preSolution
		Debug|Any CPU = Debug|Any CPU
		Release|Any CPU = Release|Any CPU
	EndGlobalSection
	GlobalSection(ProjectConfigurationPlatforms) = postSolution
		{C7F993F8-2F83-46CF-B41C-818241FA4287}.Debug|Any CPU.ActiveCfg = Debug|Any CPU
		{C7F993F8-2F83-46CF-B41C-818241FA4287}.Debug|Any CPU.Build.0 = Debug|Any CPU
		{C7F993F8-2F83-46CF-B41C-818241FA4287}.Release|Any CPU.ActiveCfg = Release|Any CPU
		{C7F993F8-2F83-46CF-B41C-818241FA4287}.Release|Any CPU.Build.0 = Release|Any CPU
	EndGlobalSection
	GlobalSection(SolutionProperties) = preSolution
		HideSolutionNode = FALSE
	EndGlobalSection
	GlobalSection(ExtensibilityGlobals) = postSolution
		SolutionGuid = {BDB33462-3B82-4D47-B26C-89D7E39913B3}
	EndGlobalSection
EndGlobal
