
Microsoft Visual Studio Solution File, Format Version 12.00
# Visual Studio Version 17
VisualStudioVersion = 17.5.33627.172
MinimumVisualStudioVersion = 10.0.40219.1
Project("{FAE04EC0-301F-11D3-BF4B-00C04F79EFBC}") = "NET web app project", "NET web app project\NET web app project.csproj", "{16D603C6-45E4-49DB-8476-D797FFA77579}"
EndProject
Global
	GlobalSection(SolutionConfigurationPlatforms) = preSolution
		Debug|Any CPU = Debug|Any CPU
		Release|Any CPU = Release|Any CPU
	EndGlobalSection
	GlobalSection(ProjectConfigurationPlatforms) = postSolution
		{16D603C6-45E4-49DB-8476-D797FFA77579}.Debug|Any CPU.ActiveCfg = Debug|Any CPU
		{16D603C6-45E4-49DB-8476-D797FFA77579}.Debug|Any CPU.Build.0 = Debug|Any CPU
		{16D603C6-45E4-49DB-8476-D797FFA77579}.Release|Any CPU.ActiveCfg = Release|Any CPU
		{16D603C6-45E4-49DB-8476-D797FFA77579}.Release|Any CPU.Build.0 = Release|Any CPU
	EndGlobalSection
	GlobalSection(SolutionProperties) = preSolution
		HideSolutionNode = FALSE
	EndGlobalSection
	GlobalSection(ExtensibilityGlobals) = postSolution
		SolutionGuid = {2E828882-7845-4F68-8B1F-16852DA7131C}
	EndGlobalSection
EndGlobal
