
Microsoft Visual Studio Solution File, Format Version 12.00
# Visual Studio Version 17
VisualStudioVersion = 17.6.33723.286
MinimumVisualStudioVersion = 10.0.40219.1
Project("{FAE04EC0-301F-11D3-BF4B-00C04F79EFBC}") = "FoodFactory", "FoodFactory\FoodFactory.csproj", "{05021984-86C2-43F9-829E-B7A5845F37D2}"
EndProject
Global
	GlobalSection(SolutionConfigurationPlatforms) = preSolution
		Debug|Any CPU = Debug|Any CPU
		Release|Any CPU = Release|Any CPU
	EndGlobalSection
	GlobalSection(ProjectConfigurationPlatforms) = postSolution
		{05021984-86C2-43F9-829E-B7A5845F37D2}.Debug|Any CPU.ActiveCfg = Debug|Any CPU
		{05021984-86C2-43F9-829E-B7A5845F37D2}.Debug|Any CPU.Build.0 = Debug|Any CPU
		{05021984-86C2-43F9-829E-B7A5845F37D2}.Release|Any CPU.ActiveCfg = Release|Any CPU
		{05021984-86C2-43F9-829E-B7A5845F37D2}.Release|Any CPU.Build.0 = Release|Any CPU
	EndGlobalSection
	GlobalSection(SolutionProperties) = preSolution
		HideSolutionNode = FALSE
	EndGlobalSection
	GlobalSection(ExtensibilityGlobals) = postSolution
		SolutionGuid = {0AD73137-BE14-40C9-8AA8-660CE049C6EE}
	EndGlobalSection
EndGlobal
