
Microsoft Visual Studio Solution File, Format Version 12.00
# Visual Studio Version 17
VisualStudioVersion = 17.6.33723.286
MinimumVisualStudioVersion = 10.0.40219.1
Project("{FAE04EC0-301F-11D3-BF4B-00C04F79EFBC}") = "Inheritance2", "Inheritance2\Inheritance2.csproj", "{0D406473-CB42-4C61-A8B1-24D4E5C4EC33}"
EndProject
Global
	GlobalSection(SolutionConfigurationPlatforms) = preSolution
		Debug|Any CPU = Debug|Any CPU
		Release|Any CPU = Release|Any CPU
	EndGlobalSection
	GlobalSection(ProjectConfigurationPlatforms) = postSolution
		{0D406473-CB42-4C61-A8B1-24D4E5C4EC33}.Debug|Any CPU.ActiveCfg = Debug|Any CPU
		{0D406473-CB42-4C61-A8B1-24D4E5C4EC33}.Debug|Any CPU.Build.0 = Debug|Any CPU
		{0D406473-CB42-4C61-A8B1-24D4E5C4EC33}.Release|Any CPU.ActiveCfg = Release|Any CPU
		{0D406473-CB42-4C61-A8B1-24D4E5C4EC33}.Release|Any CPU.Build.0 = Release|Any CPU
	EndGlobalSection
	GlobalSection(SolutionProperties) = preSolution
		HideSolutionNode = FALSE
	EndGlobalSection
	GlobalSection(ExtensibilityGlobals) = postSolution
		SolutionGuid = {AB86A0B4-6A30-42F2-A2DD-CB96D114F043}
	EndGlobalSection
EndGlobal
