
Microsoft Visual Studio Solution File, Format Version 12.00
# Visual Studio Version 17
VisualStudioVersion = 17.6.33723.286
MinimumVisualStudioVersion = 10.0.40219.1
Project("{FAE04EC0-301F-11D3-BF4B-00C04F79EFBC}") = "Inheritance", "Inheritance\Inheritance.csproj", "{EEEBC0FC-451E-4A99-82C3-AD18E7EFF720}"
EndProject
Global
	GlobalSection(SolutionConfigurationPlatforms) = preSolution
		Debug|Any CPU = Debug|Any CPU
		Release|Any CPU = Release|Any CPU
	EndGlobalSection
	GlobalSection(ProjectConfigurationPlatforms) = postSolution
		{EEEBC0FC-451E-4A99-82C3-AD18E7EFF720}.Debug|Any CPU.ActiveCfg = Debug|Any CPU
		{EEEBC0FC-451E-4A99-82C3-AD18E7EFF720}.Debug|Any CPU.Build.0 = Debug|Any CPU
		{EEEBC0FC-451E-4A99-82C3-AD18E7EFF720}.Release|Any CPU.ActiveCfg = Release|Any CPU
		{EEEBC0FC-451E-4A99-82C3-AD18E7EFF720}.Release|Any CPU.Build.0 = Release|Any CPU
	EndGlobalSection
	GlobalSection(SolutionProperties) = preSolution
		HideSolutionNode = FALSE
	EndGlobalSection
	GlobalSection(ExtensibilityGlobals) = postSolution
		SolutionGuid = {CB1875AA-0386-4B39-A46E-EB8343178B41}
	EndGlobalSection
EndGlobal
