
Microsoft Visual Studio Solution File, Format Version 12.00
# Visual Studio Version 17
VisualStudioVersion = 17.5.33516.290
MinimumVisualStudioVersion = 10.0.40219.1
Project("{FAE04EC0-301F-11D3-BF4B-00C04F79EFBC}") = "money", "money\money.csproj", "{22A3247B-C1BD-4D5C-AF1D-13D13E718553}"
EndProject
Global
	GlobalSection(SolutionConfigurationPlatforms) = preSolution
		Debug|Any CPU = Debug|Any CPU
		Release|Any CPU = Release|Any CPU
	EndGlobalSection
	GlobalSection(ProjectConfigurationPlatforms) = postSolution
		{22A3247B-C1BD-4D5C-AF1D-13D13E718553}.Debug|Any CPU.ActiveCfg = Debug|Any CPU
		{22A3247B-C1BD-4D5C-AF1D-13D13E718553}.Debug|Any CPU.Build.0 = Debug|Any CPU
		{22A3247B-C1BD-4D5C-AF1D-13D13E718553}.Release|Any CPU.ActiveCfg = Release|Any CPU
		{22A3247B-C1BD-4D5C-AF1D-13D13E718553}.Release|Any CPU.Build.0 = Release|Any CPU
	EndGlobalSection
	GlobalSection(SolutionProperties) = preSolution
		HideSolutionNode = FALSE
	EndGlobalSection
	GlobalSection(ExtensibilityGlobals) = postSolution
		SolutionGuid = {BF951C03-46A8-47C8-86EE-A489EBF58222}
	EndGlobalSection
EndGlobal
