
Microsoft Visual Studio Solution File, Format Version 12.00
# Visual Studio Version 17
VisualStudioVersion = 17.5.33530.505
MinimumVisualStudioVersion = 10.0.40219.1
Project("{FAE04EC0-301F-11D3-BF4B-00C04F79EFBC}") = "compareto", "compareto\compareto.csproj", "{55C9404D-E796-48AF-9E25-11CA49382D61}"
EndProject
Global
	GlobalSection(SolutionConfigurationPlatforms) = preSolution
		Debug|Any CPU = Debug|Any CPU
		Release|Any CPU = Release|Any CPU
	EndGlobalSection
	GlobalSection(ProjectConfigurationPlatforms) = postSolution
		{55C9404D-E796-48AF-9E25-11CA49382D61}.Debug|Any CPU.ActiveCfg = Debug|Any CPU
		{55C9404D-E796-48AF-9E25-11CA49382D61}.Debug|Any CPU.Build.0 = Debug|Any CPU
		{55C9404D-E796-48AF-9E25-11CA49382D61}.Release|Any CPU.ActiveCfg = Release|Any CPU
		{55C9404D-E796-48AF-9E25-11CA49382D61}.Release|Any CPU.Build.0 = Release|Any CPU
	EndGlobalSection
	GlobalSection(SolutionProperties) = preSolution
		HideSolutionNode = FALSE
	EndGlobalSection
	GlobalSection(ExtensibilityGlobals) = postSolution
		SolutionGuid = {3D47092C-200D-4393-99B0-F670F9B57762}
	EndGlobalSection
EndGlobal
